
Microsoft Visual Studio Solution File, Format Version 12.00
# Visual Studio 15
VisualStudioVersion = 15.0.26124.0
MinimumVisualStudioVersion = 15.0.26124.0
Project("{FAE04EC0-301F-11D3-BF4B-00C04F79EFBC}") = "MyDDDTemplate", "MyDDDTemplate\MyDDDTemplate.csproj", "{0D20EC36-343E-4F9B-956E-09A1F14E2F8D}"
EndProject
Global
	GlobalSection(SolutionConfigurationPlatforms) = preSolution
		Debug|Any CPU = Debug|Any CPU
		Debug|x64 = Debug|x64
		Debug|x86 = Debug|x86
		Release|Any CPU = Release|Any CPU
		Release|x64 = Release|x64
		Release|x86 = Release|x86
	EndGlobalSection
	GlobalSection(ProjectConfigurationPlatforms) = postSolution
		{0D20EC36-343E-4F9B-956E-09A1F14E2F8D}.Debug|Any CPU.ActiveCfg = Debug|Any CPU
		{0D20EC36-343E-4F9B-956E-09A1F14E2F8D}.Debug|Any CPU.Build.0 = Debug|Any CPU
		{0D20EC36-343E-4F9B-956E-09A1F14E2F8D}.Debug|x64.ActiveCfg = Debug|Any CPU
		{0D20EC36-343E-4F9B-956E-09A1F14E2F8D}.Debug|x64.Build.0 = Debug|Any CPU
		{0D20EC36-343E-4F9B-956E-09A1F14E2F8D}.Debug|x86.ActiveCfg = Debug|Any CPU
		{0D20EC36-343E-4F9B-956E-09A1F14E2F8D}.Debug|x86.Build.0 = Debug|Any CPU
		{0D20EC36-343E-4F9B-956E-09A1F14E2F8D}.Release|Any CPU.ActiveCfg = Release|Any CPU
		{0D20EC36-343E-4F9B-956E-09A1F14E2F8D}.Release|Any CPU.Build.0 = Release|Any CPU
		{0D20EC36-343E-4F9B-956E-09A1F14E2F8D}.Release|x64.ActiveCfg = Release|Any CPU
		{0D20EC36-343E-4F9B-956E-09A1F14E2F8D}.Release|x64.Build.0 = Release|Any CPU
		{0D20EC36-343E-4F9B-956E-09A1F14E2F8D}.Release|x86.ActiveCfg = Release|Any CPU
		{0D20EC36-343E-4F9B-956E-09A1F14E2F8D}.Release|x86.Build.0 = Release|Any CPU
	EndGlobalSection
	GlobalSection(SolutionProperties) = preSolution
		HideSolutionNode = FALSE
	EndGlobalSection
	GlobalSection(ExtensibilityGlobals) = postSolution
		SolutionGuid = {4A55D5CB-E3C0-4DDE-8AE2-AF60670297CC}
	EndGlobalSection
EndGlobal
